
Microsoft Visual Studio Solution File, Format Version 12.00
# Visual Studio 2013
VisualStudioVersion = 12.0.20623.1 VSUPREVIEW
MinimumVisualStudioVersion = 10.0.40219.1
Project("{FAE04EC0-301F-11D3-BF4B-00C04F79EFBC}") = "1.Cars", "4.DataBinding\1.Cars.csproj", "{FB6420DA-BCC5-42E8-BA43-0A08A096B2F9}"
EndProject
Project("{FAE04EC0-301F-11D3-BF4B-00C04F79EFBC}") = "2.NorthwindEmployees", "2.NorthwindEmployees\2.NorthwindEmployees.csproj", "{34313AF5-2CE1-459A-88DE-3D2C5590B40F}"
EndProject
Project("{2150E333-8FDC-42A3-9474-1A3956D46DE8}") = ".nuget", ".nuget", "{1B6B6B86-A294-4883-9B4F-9B8CB8149F5C}"
	ProjectSection(SolutionItems) = preProject
		.nuget\NuGet.Config = .nuget\NuGet.Config
		.nuget\NuGet.exe = .nuget\NuGet.exe
		.nuget\NuGet.targets = .nuget\NuGet.targets
	EndProjectSection
EndProject
Project("{FAE04EC0-301F-11D3-BF4B-00C04F79EFBC}") = "4.NwEmployeesSPA", "NwEmployeesSPA\4.NwEmployeesSPA.csproj", "{617CDA6D-C8BC-4703-9E42-36AEB753C754}"
EndProject
Project("{FAE04EC0-301F-11D3-BF4B-00C04F79EFBC}") = "Data", "Data\Data.csproj", "{174A27EB-FB12-4759-88E9-DD6B8C6ABECC}"
EndProject
Project("{FAE04EC0-301F-11D3-BF4B-00C04F79EFBC}") = "5.Repeater", "Repeater\5.Repeater.csproj", "{AB1E05E1-91EF-4449-B972-2E7F0B51709A}"
EndProject
Global
	GlobalSection(SolutionConfigurationPlatforms) = preSolution
		Debug|Any CPU = Debug|Any CPU
		Release|Any CPU = Release|Any CPU
	EndGlobalSection
	GlobalSection(ProjectConfigurationPlatforms) = postSolution
		{FB6420DA-BCC5-42E8-BA43-0A08A096B2F9}.Debug|Any CPU.ActiveCfg = Debug|Any CPU
		{FB6420DA-BCC5-42E8-BA43-0A08A096B2F9}.Debug|Any CPU.Build.0 = Debug|Any CPU
		{FB6420DA-BCC5-42E8-BA43-0A08A096B2F9}.Release|Any CPU.ActiveCfg = Release|Any CPU
		{FB6420DA-BCC5-42E8-BA43-0A08A096B2F9}.Release|Any CPU.Build.0 = Release|Any CPU
		{34313AF5-2CE1-459A-88DE-3D2C5590B40F}.Debug|Any CPU.ActiveCfg = Debug|Any CPU
		{34313AF5-2CE1-459A-88DE-3D2C5590B40F}.Debug|Any CPU.Build.0 = Debug|Any CPU
		{34313AF5-2CE1-459A-88DE-3D2C5590B40F}.Release|Any CPU.ActiveCfg = Release|Any CPU
		{34313AF5-2CE1-459A-88DE-3D2C5590B40F}.Release|Any CPU.Build.0 = Release|Any CPU
		{617CDA6D-C8BC-4703-9E42-36AEB753C754}.Debug|Any CPU.ActiveCfg = Debug|Any CPU
		{617CDA6D-C8BC-4703-9E42-36AEB753C754}.Debug|Any CPU.Build.0 = Debug|Any CPU
		{617CDA6D-C8BC-4703-9E42-36AEB753C754}.Release|Any CPU.ActiveCfg = Release|Any CPU
		{617CDA6D-C8BC-4703-9E42-36AEB753C754}.Release|Any CPU.Build.0 = Release|Any CPU
		{174A27EB-FB12-4759-88E9-DD6B8C6ABECC}.Debug|Any CPU.ActiveCfg = Debug|Any CPU
		{174A27EB-FB12-4759-88E9-DD6B8C6ABECC}.Debug|Any CPU.Build.0 = Debug|Any CPU
		{174A27EB-FB12-4759-88E9-DD6B8C6ABECC}.Release|Any CPU.ActiveCfg = Release|Any CPU
		{174A27EB-FB12-4759-88E9-DD6B8C6ABECC}.Release|Any CPU.Build.0 = Release|Any CPU
		{AB1E05E1-91EF-4449-B972-2E7F0B51709A}.Debug|Any CPU.ActiveCfg = Debug|Any CPU
		{AB1E05E1-91EF-4449-B972-2E7F0B51709A}.Debug|Any CPU.Build.0 = Debug|Any CPU
		{AB1E05E1-91EF-4449-B972-2E7F0B51709A}.Release|Any CPU.ActiveCfg = Release|Any CPU
		{AB1E05E1-91EF-4449-B972-2E7F0B51709A}.Release|Any CPU.Build.0 = Release|Any CPU
	EndGlobalSection
	GlobalSection(SolutionProperties) = preSolution
		HideSolutionNode = FALSE
	EndGlobalSection
EndGlobal
