
Microsoft Visual Studio Solution File, Format Version 12.00
# Visual Studio 2012
Project("{FAE04EC0-301F-11D3-BF4B-00C04F79EFBC}") = "1.Hello", "Hello\1.Hello.csproj", "{7ED0EE98-8737-45DD-90B7-6D3D40698B9E}"
EndProject
Global
	GlobalSection(SolutionConfigurationPlatforms) = preSolution
		Debug|Any CPU = Debug|Any CPU
		Release|Any CPU = Release|Any CPU
	EndGlobalSection
	GlobalSection(ProjectConfigurationPlatforms) = postSolution
		{7ED0EE98-8737-45DD-90B7-6D3D40698B9E}.Debug|Any CPU.ActiveCfg = Debug|Any CPU
		{7ED0EE98-8737-45DD-90B7-6D3D40698B9E}.Debug|Any CPU.Build.0 = Debug|Any CPU
		{7ED0EE98-8737-45DD-90B7-6D3D40698B9E}.Release|Any CPU.ActiveCfg = Release|Any CPU
		{7ED0EE98-8737-45DD-90B7-6D3D40698B9E}.Release|Any CPU.Build.0 = Release|Any CPU
	EndGlobalSection
	GlobalSection(SolutionProperties) = preSolution
		HideSolutionNode = FALSE
	EndGlobalSection
EndGlobal
