
Microsoft Visual Studio Solution File, Format Version 12.00
# Visual Studio 2013
VisualStudioVersion = 12.0.20623.1 VSUPREVIEW
MinimumVisualStudioVersion = 10.0.40219.1
Project("{FAE04EC0-301F-11D3-BF4B-00C04F79EFBC}") = "World.Data", "World.Data\World.Data.csproj", "{1CD020DC-B277-4F0F-805A-F0F9DBF5FDC9}"
EndProject
Project("{FAE04EC0-301F-11D3-BF4B-00C04F79EFBC}") = "World.WebForm", "World.WebForm\World.WebForm.csproj", "{4757E77D-8194-4460-90E3-38DCCDADC118}"
EndProject
Project("{2150E333-8FDC-42A3-9474-1A3956D46DE8}") = ".nuget", ".nuget", "{5D3C8A21-9440-488F-9974-74A5083D51ED}"
	ProjectSection(SolutionItems) = preProject
		.nuget\NuGet.Config = .nuget\NuGet.Config
		.nuget\NuGet.exe = .nuget\NuGet.exe
		.nuget\NuGet.targets = .nuget\NuGet.targets
	EndProjectSection
EndProject
Global
	GlobalSection(SolutionConfigurationPlatforms) = preSolution
		Debug|Any CPU = Debug|Any CPU
		Release|Any CPU = Release|Any CPU
	EndGlobalSection
	GlobalSection(ProjectConfigurationPlatforms) = postSolution
		{1CD020DC-B277-4F0F-805A-F0F9DBF5FDC9}.Debug|Any CPU.ActiveCfg = Debug|Any CPU
		{1CD020DC-B277-4F0F-805A-F0F9DBF5FDC9}.Debug|Any CPU.Build.0 = Debug|Any CPU
		{1CD020DC-B277-4F0F-805A-F0F9DBF5FDC9}.Release|Any CPU.ActiveCfg = Release|Any CPU
		{1CD020DC-B277-4F0F-805A-F0F9DBF5FDC9}.Release|Any CPU.Build.0 = Release|Any CPU
		{4757E77D-8194-4460-90E3-38DCCDADC118}.Debug|Any CPU.ActiveCfg = Debug|Any CPU
		{4757E77D-8194-4460-90E3-38DCCDADC118}.Debug|Any CPU.Build.0 = Debug|Any CPU
		{4757E77D-8194-4460-90E3-38DCCDADC118}.Release|Any CPU.ActiveCfg = Release|Any CPU
		{4757E77D-8194-4460-90E3-38DCCDADC118}.Release|Any CPU.Build.0 = Release|Any CPU
	EndGlobalSection
	GlobalSection(SolutionProperties) = preSolution
		HideSolutionNode = FALSE
	EndGlobalSection
EndGlobal
